
Microsoft Visual Studio Solution File, Format Version 12.00
# Visual Studio Version 17
VisualStudioVersion = 17.14.36429.23
MinimumVisualStudioVersion = 10.0.40219.1
Project("{FAE04EC0-301F-11D3-BF4B-00C04F79EFBC}") = "TeUtad", "TeUtad\TeUtad.csproj", "{AA0CB0DF-6F81-4220-A46C-DF9F62E0851E}"
EndProject
Project("{FAE04EC0-301F-11D3-BF4B-00C04F79EFBC}") = "TeUtad.API", "TeUtad.API\TeUtad.API.csproj", "{6D11BD1F-33E0-4310-BBBF-F15B612DA44D}"
EndProject
Project("{FAE04EC0-301F-11D3-BF4B-00C04F79EFBC}") = "TeUtad.LIB", "TeUtad.LIB\TeUtad.LIB.csproj", "{DAB127C1-6428-4CB6-8D6B-4C5A180B79C0}"
EndProject
Global
	GlobalSection(SolutionConfigurationPlatforms) = preSolution
		Debug|Any CPU = Debug|Any CPU
		Release|Any CPU = Release|Any CPU
	EndGlobalSection
	GlobalSection(ProjectConfigurationPlatforms) = postSolution
		{AA0CB0DF-6F81-4220-A46C-DF9F62E0851E}.Debug|Any CPU.ActiveCfg = Debug|Any CPU
		{AA0CB0DF-6F81-4220-A46C-DF9F62E0851E}.Debug|Any CPU.Build.0 = Debug|Any CPU
		{AA0CB0DF-6F81-4220-A46C-DF9F62E0851E}.Release|Any CPU.ActiveCfg = Release|Any CPU
		{AA0CB0DF-6F81-4220-A46C-DF9F62E0851E}.Release|Any CPU.Build.0 = Release|Any CPU
		{6D11BD1F-33E0-4310-BBBF-F15B612DA44D}.Debug|Any CPU.ActiveCfg = Debug|Any CPU
		{6D11BD1F-33E0-4310-BBBF-F15B612DA44D}.Debug|Any CPU.Build.0 = Debug|Any CPU
		{6D11BD1F-33E0-4310-BBBF-F15B612DA44D}.Release|Any CPU.ActiveCfg = Release|Any CPU
		{6D11BD1F-33E0-4310-BBBF-F15B612DA44D}.Release|Any CPU.Build.0 = Release|Any CPU
		{DAB127C1-6428-4CB6-8D6B-4C5A180B79C0}.Debug|Any CPU.ActiveCfg = Debug|Any CPU
		{DAB127C1-6428-4CB6-8D6B-4C5A180B79C0}.Debug|Any CPU.Build.0 = Debug|Any CPU
		{DAB127C1-6428-4CB6-8D6B-4C5A180B79C0}.Release|Any CPU.ActiveCfg = Release|Any CPU
		{DAB127C1-6428-4CB6-8D6B-4C5A180B79C0}.Release|Any CPU.Build.0 = Release|Any CPU
	EndGlobalSection
	GlobalSection(SolutionProperties) = preSolution
		HideSolutionNode = FALSE
	EndGlobalSection
	GlobalSection(ExtensibilityGlobals) = postSolution
		SolutionGuid = {B3B01A22-AA8E-4BA7-9DE6-126CDCF1FBFD}
	EndGlobalSection
EndGlobal
